// !$*UTF8*$!
{
	archiveVersion = 1;
	classes = {
	};
	objectVersion = 50;
	objects = {

/* Begin PBXBuildFile section */
		8F11FE03228B027600AB927D /* Assets.xcassets in Resources */ = {isa = PBXBuildFile; fileRef = 8F11FE02228B027600AB927D /* Assets.xcassets */; };
		8F11FE0A228B027600AB927D /* SayHi MessagesExtension.appex in Embed App Extensions */ = {isa = PBXBuildFile; fileRef = 8F11FE09228B027600AB927D /* SayHi MessagesExtension.appex */; settings = {ATTRIBUTES = (RemoveHeadersOnCopy, ); }; };
		8F11FE0F228B027600AB927D /* Messages.framework in Frameworks */ = {isa = PBXBuildFile; fileRef = 8F11FE0E228B027600AB927D /* Messages.framework */; };
		8F11FE12228B027700AB927D /* MessagesViewController.swift in Sources */ = {isa = PBXBuildFile; fileRef = 8F11FE11228B027700AB927D /* MessagesViewController.swift */; };
		8F11FE15228B027700AB927D /* MainInterface.storyboard in Resources */ = {isa = PBXBuildFile; fileRef = 8F11FE13228B027700AB927D /* MainInterface.storyboard */; };
		8F11FE17228B027700AB927D /* Assets.xcassets in Resources */ = {isa = PBXBuildFile; fileRef = 8F11FE16228B027700AB927D /* Assets.xcassets */; };
/* End PBXBuildFile section */

/* Begin PBXContainerItemProxy section */
		8F11FE0B228B027600AB927D /* PBXContainerItemProxy */ = {
			isa = PBXContainerItemProxy;
			containerPortal = 8F11FDF9228B027500AB927D /* Project object */;
			proxyType = 1;
			remoteGlobalIDString = 8F11FE08228B027600AB927D;
			remoteInfo = "SayHi MessagesExtension";
		};
/* End PBXContainerItemProxy section */

/* Begin PBXCopyFilesBuildPhase section */
		8F11FE1E228B027700AB927D /* Embed App Extensions */ = {
			isa = PBXCopyFilesBuildPhase;
			buildActionMask = 2147483647;
			dstPath = "";
			dstSubfolderSpec = 13;
			files = (
				8F11FE0A228B027600AB927D /* SayHi MessagesExtension.appex in Embed App Extensions */,
			);
			name = "Embed App Extensions";
			runOnlyForDeploymentPostprocessing = 0;
		};
/* End PBXCopyFilesBuildPhase section */

/* Begin PBXFileReference section */
		8F11FDFF228B027500AB927D /* SayHi.app */ = {isa = PBXFileReference; explicitFileType = wrapper.application; includeInIndex = 0; path = SayHi.app; sourceTree = BUILT_PRODUCTS_DIR; };
		8F11FE02228B027600AB927D /* Assets.xcassets */ = {isa = PBXFileReference; lastKnownFileType = folder.assetcatalog; path = Assets.xcassets; sourceTree = "<group>"; };
		8F11FE04228B027600AB927D /* Info.plist */ = {isa = PBXFileReference; lastKnownFileType = text.plist.xml; path = Info.plist; sourceTree = "<group>"; };
		8F11FE09228B027600AB927D /* SayHi MessagesExtension.appex */ = {isa = PBXFileReference; explicitFileType = "wrapper.app-extension"; includeInIndex = 0; path = "SayHi MessagesExtension.appex"; sourceTree = BUILT_PRODUCTS_DIR; };
		8F11FE0E228B027600AB927D /* Messages.framework */ = {isa = PBXFileReference; lastKnownFileType = wrapper.framework; name = Messages.framework; path = System/Library/Frameworks/Messages.framework; sourceTree = SDKROOT; };
		8F11FE11228B027700AB927D /* MessagesViewController.swift */ = {isa = PBXFileReference; lastKnownFileType = sourcecode.swift; path = MessagesViewController.swift; sourceTree = "<group>"; };
		8F11FE14228B027700AB927D /* Base */ = {isa = PBXFileReference; lastKnownFileType = file.storyboard; name = Base; path = Base.lproj/MainInterface.storyboard; sourceTree = "<group>"; };
		8F11FE16228B027700AB927D /* Assets.xcassets */ = {isa = PBXFileReference; lastKnownFileType = folder.assetcatalog; path = Assets.xcassets; sourceTree = "<group>"; };
		8F11FE18228B027700AB927D /* Info.plist */ = {isa = PBXFileReference; lastKnownFileType = text.plist.xml; path = Info.plist; sourceTree = "<group>"; };
/* End PBXFileReference section */

/* Begin PBXFrameworksBuildPhase section */
		8F11FE06228B027600AB927D /* Frameworks */ = {
			isa = PBXFrameworksBuildPhase;
			buildActionMask = 2147483647;
			files = (
				8F11FE0F228B027600AB927D /* Messages.framework in Frameworks */,
			);
			runOnlyForDeploymentPostprocessing = 0;
		};
/* End PBXFrameworksBuildPhase section */

/* Begin PBXGroup section */
		8F11FDF8228B027500AB927D = {
			isa = PBXGroup;
			children = (
				8F11FE01228B027500AB927D /* SayHi */,
				8F11FE10228B027700AB927D /* SayHi MessagesExtension */,
				8F11FE0D228B027600AB927D /* Frameworks */,
				8F11FE00228B027500AB927D /* Products */,
			);
			sourceTree = "<group>";
		};
		8F11FE00228B027500AB927D /* Products */ = {
			isa = PBXGroup;
			children = (
				8F11FDFF228B027500AB927D /* SayHi.app */,
				8F11FE09228B027600AB927D /* SayHi MessagesExtension.appex */,
			);
			name = Products;
			sourceTree = "<group>";
		};
		8F11FE01228B027500AB927D /* SayHi */ = {
			isa = PBXGroup;
			children = (
				8F11FE02228B027600AB927D /* Assets.xcassets */,
				8F11FE04228B027600AB927D /* Info.plist */,
			);
			path = SayHi;
			sourceTree = "<group>";
		};
		8F11FE0D228B027600AB927D /* Frameworks */ = {
			isa = PBXGroup;
			children = (
				8F11FE0E228B027600AB927D /* Messages.framework */,
			);
			name = Frameworks;
			sourceTree = "<group>";
		};
		8F11FE10228B027700AB927D /* SayHi MessagesExtension */ = {
			isa = PBXGroup;
			children = (
				8F11FE11228B027700AB927D /* MessagesViewController.swift */,
				8F11FE13228B027700AB927D /* MainInterface.storyboard */,
				8F11FE16228B027700AB927D /* Assets.xcassets */,
				8F11FE18228B027700AB927D /* Info.plist */,
			);
			path = "SayHi MessagesExtension";
			sourceTree = "<group>";
		};
/* End PBXGroup section */

/* Begin PBXNativeTarget section */
		8F11FDFE228B027500AB927D /* SayHi */ = {
			isa = PBXNativeTarget;
			buildConfigurationList = 8F11FE1F228B027700AB927D /* Build configuration list for PBXNativeTarget "SayHi" */;
			buildPhases = (
				8F11FDFD228B027500AB927D /* Resources */,
				8F11FE1E228B027700AB927D /* Embed App Extensions */,
			);
			buildRules = (
			);
			dependencies = (
				8F11FE0C228B027600AB927D /* PBXTargetDependency */,
			);
			name = SayHi;
			productName = SayHi;
			productReference = 8F11FDFF228B027500AB927D /* SayHi.app */;
			productType = "com.apple.product-type.application.messages";
		};
		8F11FE08228B027600AB927D /* SayHi MessagesExtension */ = {
			isa = PBXNativeTarget;
			buildConfigurationList = 8F11FE1B228B027700AB927D /* Build configuration list for PBXNativeTarget "SayHi MessagesExtension" */;
			buildPhases = (
				8F11FE05228B027600AB927D /* Sources */,
				8F11FE06228B027600AB927D /* Frameworks */,
				8F11FE07228B027600AB927D /* Resources */,
			);
			buildRules = (
			);
			dependencies = (
			);
			name = "SayHi MessagesExtension";
			productName = "SayHi MessagesExtension";
			productReference = 8F11FE09228B027600AB927D /* SayHi MessagesExtension.appex */;
			productType = "com.apple.product-type.app-extension.messages";
		};
/* End PBXNativeTarget section */

/* Begin PBXProject section */
		8F11FDF9228B027500AB927D /* Project object */ = {
			isa = PBXProject;
			attributes = {
				LastSwiftUpdateCheck = 1010;
				LastUpgradeCheck = 1010;
				ORGANIZATIONNAME = SayHi;
				TargetAttributes = {
					8F11FDFE228B027500AB927D = {
						CreatedOnToolsVersion = 10.1;
					};
					8F11FE08228B027600AB927D = {
						CreatedOnToolsVersion = 10.1;
					};
				};
			};
			buildConfigurationList = 8F11FDFC228B027500AB927D /* Build configuration list for PBXProject "SayHi" */;
			compatibilityVersion = "Xcode 9.3";
			developmentRegion = en;
			hasScannedForEncodings = 0;
			knownRegions = (
				en,
				Base,
			);
			mainGroup = 8F11FDF8228B027500AB927D;
			productRefGroup = 8F11FE00228B027500AB927D /* Products */;
			projectDirPath = "";
			projectRoot = "";
			targets = (
				8F11FDFE228B027500AB927D /* SayHi */,
				8F11FE08228B027600AB927D /* SayHi MessagesExtension */,
			);
		};
/* End PBXProject section */

/* Begin PBXResourcesBuildPhase section */
		8F11FDFD228B027500AB927D /* Resources */ = {
			isa = PBXResourcesBuildPhase;
			buildActionMask = 2147483647;
			files = (
				8F11FE03228B027600AB927D /* Assets.xcassets in Resources */,
			);
			runOnlyForDeploymentPostprocessing = 0;
		};
		8F11FE07228B027600AB927D /* Resources */ = {
			isa = PBXResourcesBuildPhase;
			buildActionMask = 2147483647;
			files = (
				8F11FE17228B027700AB927D /* Assets.xcassets in Resources */,
				8F11FE15228B027700AB927D /* MainInterface.storyboard in Resources */,
			);
			runOnlyForDeploymentPostprocessing = 0;
		};
/* End PBXResourcesBuildPhase section */

/* Begin PBXSourcesBuildPhase section */
		8F11FE05228B027600AB927D /* Sources */ = {
			isa = PBXSourcesBuildPhase;
			buildActionMask = 2147483647;
			files = (
				8F11FE12228B027700AB927D /* MessagesViewController.swift in Sources */,
			);
			runOnlyForDeploymentPostprocessing = 0;
		};
/* End PBXSourcesBuildPhase section */

/* Begin PBXTargetDependency section */
		8F11FE0C228B027600AB927D /* PBXTargetDependency */ = {
			isa = PBXTargetDependency;
			target = 8F11FE08228B027600AB927D /* SayHi MessagesExtension */;
			targetProxy = 8F11FE0B228B027600AB927D /* PBXContainerItemProxy */;
		};
/* End PBXTargetDependency section */

/* Begin PBXVariantGroup section */
		8F11FE13228B027700AB927D /* MainInterface.storyboard */ = {
			isa = PBXVariantGroup;
			children = (
				8F11FE14228B027700AB927D /* Base */,
			);
			name = MainInterface.storyboard;
			sourceTree = "<group>";
		};
/* End PBXVariantGroup section */

/* Begin XCBuildConfiguration section */
		8F11FE19228B027700AB927D /* Debug */ = {
			isa = XCBuildConfiguration;
			buildSettings = {
				ALWAYS_SEARCH_USER_PATHS = NO;
				CLANG_ANALYZER_NONNULL = YES;
				CLANG_ANALYZER_NUMBER_OBJECT_CONVERSION = YES_AGGRESSIVE;
				CLANG_CXX_LANGUAGE_STANDARD = "gnu++14";
				CLANG_CXX_LIBRARY = "libc++";
				CLANG_ENABLE_MODULES = YES;
				CLANG_ENABLE_OBJC_ARC = YES;
				CLANG_ENABLE_OBJC_WEAK = YES;
				CLANG_WARN_BLOCK_CAPTURE_AUTORELEASING = YES;
				CLANG_WARN_BOOL_CONVERSION = YES;
				CLANG_WARN_COMMA = YES;
				CLANG_WARN_CONSTANT_CONVERSION = YES;
				CLANG_WARN_DEPRECATED_OBJC_IMPLEMENTATIONS = YES;
				CLANG_WARN_DIRECT_OBJC_ISA_USAGE = YES_ERROR;
				CLANG_WARN_DOCUMENTATION_COMMENTS = YES;
				CLANG_WARN_EMPTY_BODY = YES;
				CLANG_WARN_ENUM_CONVERSION = YES;
				CLANG_WARN_INFINITE_RECURSION = YES;
				CLANG_WARN_INT_CONVERSION = YES;
				CLANG_WARN_NON_LITERAL_NULL_CONVERSION = YES;
				CLANG_WARN_OBJC_IMPLICIT_RETAIN_SELF = YES;
				CLANG_WARN_OBJC_LITERAL_CONVERSION = YES;
				CLANG_WARN_OBJC_ROOT_CLASS = YES_ERROR;
				CLANG_WARN_RANGE_LOOP_ANALYSIS = YES;
				CLANG_WARN_STRICT_PROTOTYPES = YES;
				CLANG_WARN_SUSPICIOUS_MOVE = YES;
				CLANG_WARN_UNGUARDED_AVAILABILITY = YES_AGGRESSIVE;
				CLANG_WARN_UNREACHABLE_CODE = YES;
				CLANG_WARN__DUPLICATE_METHOD_MATCH = YES;
				CODE_SIGN_IDENTITY = "iPhone Developer";
				COPY_PHASE_STRIP = NO;
				DEBUG_INFORMATION_FORMAT = dwarf;
				ENABLE_STRICT_OBJC_MSGSEND = YES;
				ENABLE_TESTABILITY = YES;
				GCC_C_LANGUAGE_STANDARD = gnu11;
				GCC_DYNAMIC_NO_PIC = NO;
				GCC_NO_COMMON_BLOCKS = YES;
				GCC_OPTIMIZATION_LEVEL = 0;
				GCC_PREPROCESSOR_DEFINITIONS = (
					"DEBUG=1",
					"$(inherited)",
				);
				GCC_WARN_64_TO_32_BIT_CONVERSION = YES;
				GCC_WARN_ABOUT_RETURN_TYPE = YES_ERROR;
				GCC_WARN_UNDECLARED_SELECTOR = YES;
				GCC_WARN_UNINITIALIZED_AUTOS = YES_AGGRESSIVE;
				GCC_WARN_UNUSED_FUNCTION = YES;
				GCC_WARN_UNUSED_VARIABLE = YES;
				IPHONEOS_DEPLOYMENT_TARGET = 12.1;
				MTL_ENABLE_DEBUG_INFO = INCLUDE_SOURCE;
				MTL_FAST_MATH = YES;
				ONLY_ACTIVE_ARCH = YES;
				SDKROOT = iphoneos;
				SWIFT_ACTIVE_COMPILATION_CONDITIONS = DEBUG;
				SWIFT_OPTIMIZATION_LEVEL = "-Onone";
			};
			name = Debug;
		};
		8F11FE1A228B027700AB927D /* Release */ = {
			isa = XCBuildConfiguration;
			buildSettings = {
				ALWAYS_SEARCH_USER_PATHS = NO;
				CLANG_ANALYZER_NONNULL = YES;
				CLANG_ANALYZER_NUMBER_OBJECT_CONVERSION = YES_AGGRESSIVE;
				CLANG_CXX_LANGUAGE_STANDARD = "gnu++14";
				CLANG_CXX_LIBRARY = "libc++";
				CLANG_ENABLE_MODULES = YES;
				CLANG_ENABLE_OBJC_ARC = YES;
				CLANG_ENABLE_OBJC_WEAK = YES;
				CLANG_WARN_BLOCK_CAPTURE_AUTORELEASING = YES;
				CLANG_WARN_BOOL_CONVERSION = YES;
				CLANG_WARN_COMMA = YES;
				CLANG_WARN_CONSTANT_CONVERSION = YES;
				CLANG_WARN_DEPRECATED_OBJC_IMPLEMENTATIONS = YES;
				CLANG_WARN_DIRECT_OBJC_ISA_USAGE = YES_ERROR;
				CLANG_WARN_DOCUMENTATION_COMMENTS = YES;
				CLANG_WARN_EMPTY_BODY = YES;
				CLANG_WARN_ENUM_CONVERSION = YES;
				CLANG_WARN_INFINITE_RECURSION = YES;
				CLANG_WARN_INT_CONVERSION = YES;
				CLANG_WARN_NON_LITERAL_NULL_CONVERSION = YES;
				CLANG_WARN_OBJC_IMPLICIT_RETAIN_SELF = YES;
				CLANG_WARN_OBJC_LITERAL_CONVERSION = YES;
				CLANG_WARN_OBJC_ROOT_CLASS = YES_ERROR;
				CLANG_WARN_RANGE_LOOP_ANALYSIS = YES;
				CLANG_WARN_STRICT_PROTOTYPES = YES;
				CLANG_WARN_SUSPICIOUS_MOVE = YES;
				CLANG_WARN_UNGUARDED_AVAILABILITY = YES_AGGRESSIVE;
				CLANG_WARN_UNREACHABLE_CODE = YES;
				CLANG_WARN__DUPLICATE_METHOD_MATCH = YES;
				CODE_SIGN_IDENTITY = "iPhone Developer";
				COPY_PHASE_STRIP = NO;
				DEBUG_INFORMATION_FORMAT = "dwarf-with-dsym";
				ENABLE_NS_ASSERTIONS = NO;
				ENABLE_STRICT_OBJC_MSGSEND = YES;
				GCC_C_LANGUAGE_STANDARD = gnu11;
				GCC_NO_COMMON_BLOCKS = YES;
				GCC_WARN_64_TO_32_BIT_CONVERSION = YES;
				GCC_WARN_ABOUT_RETURN_TYPE = YES_ERROR;
				GCC_WARN_UNDECLARED_SELECTOR = YES;
				GCC_WARN_UNINITIALIZED_AUTOS = YES_AGGRESSIVE;
				GCC_WARN_UNUSED_FUNCTION = YES;
				GCC_WARN_UNUSED_VARIABLE = YES;
				IPHONEOS_DEPLOYMENT_TARGET = 12.1;
				MTL_ENABLE_DEBUG_INFO = NO;
				MTL_FAST_MATH = YES;
				SDKROOT = iphoneos;
				SWIFT_COMPILATION_MODE = wholemodule;
				SWIFT_OPTIMIZATION_LEVEL = "-O";
				VALIDATE_PRODUCT = YES;
			};
			name = Release;
		};
		8F11FE1C228B027700AB927D /* Debug */ = {
			isa = XCBuildConfiguration;
			buildSettings = {
				ASSETCATALOG_COMPILER_APPICON_NAME = "iMessage App Icon";
				CODE_SIGN_STYLE = Automatic;
				INFOPLIST_FILE = "SayHi MessagesExtension/Info.plist";
				LD_RUNPATH_SEARCH_PATHS = (
					"$(inherited)",
					"@executable_path/Frameworks",
					"@executable_path/../../Frameworks",
				);
				PRODUCT_BUNDLE_IDENTIFIER = SayHI.SayHi.MessagesExtension;
				PRODUCT_NAME = "$(TARGET_NAME)";
				SKIP_INSTALL = YES;
				SWIFT_VERSION = 4.2;
				TARGETED_DEVICE_FAMILY = "1,2";
			};
			name = Debug;
		};
		8F11FE1D228B027700AB927D /* Release */ = {
			isa = XCBuildConfiguration;
			buildSettings = {
				ASSETCATALOG_COMPILER_APPICON_NAME = "iMessage App Icon";
				CODE_SIGN_STYLE = Automatic;
				INFOPLIST_FILE = "SayHi MessagesExtension/Info.plist";
				LD_RUNPATH_SEARCH_PATHS = (
					"$(inherited)",
					"@executable_path/Frameworks",
					"@executable_path/../../Frameworks",
				);
				PRODUCT_BUNDLE_IDENTIFIER = SayHI.SayHi.MessagesExtension;
				PRODUCT_NAME = "$(TARGET_NAME)";
				SKIP_INSTALL = YES;
				SWIFT_VERSION = 4.2;
				TARGETED_DEVICE_FAMILY = "1,2";
			};
			name = Release;
		};
		8F11FE20228B027700AB927D /* Debug */ = {
			isa = XCBuildConfiguration;
			buildSettings = {
				ALWAYS_EMBED_SWIFT_STANDARD_LIBRARIES = YES;
				ASSETCATALOG_COMPILER_APPICON_NAME = AppIcon;
				CODE_SIGN_STYLE = Automatic;
				INFOPLIST_FILE = SayHi/Info.plist;
				PRODUCT_BUNDLE_IDENTIFIER = SayHI.SayHi;
				PRODUCT_NAME = "$(TARGET_NAME)";
				SWIFT_VERSION = 4.2;
				TARGETED_DEVICE_FAMILY = "1,2";
			};
			name = Debug;
		};
		8F11FE21228B027700AB927D /* Release */ = {
			isa = XCBuildConfiguration;
			buildSettings = {
				ALWAYS_EMBED_SWIFT_STANDARD_LIBRARIES = YES;
				ASSETCATALOG_COMPILER_APPICON_NAME = AppIcon;
				CODE_SIGN_STYLE = Automatic;
				INFOPLIST_FILE = SayHi/Info.plist;
				PRODUCT_BUNDLE_IDENTIFIER = SayHI.SayHi;
				PRODUCT_NAME = "$(TARGET_NAME)";
				SWIFT_VERSION = 4.2;
				TARGETED_DEVICE_FAMILY = "1,2";
			};
			name = Release;
		};
/* End XCBuildConfiguration section */

/* Begin XCConfigurationList section */
		8F11FDFC228B027500AB927D /* Build configuration list for PBXProject "SayHi" */ = {
			isa = XCConfigurationList;
			buildConfigurations = (
				8F11FE19228B027700AB927D /* Debug */,
				8F11FE1A228B027700AB927D /* Release */,
			);
			defaultConfigurationIsVisible = 0;
			defaultConfigurationName = Release;
		};
		8F11FE1B228B027700AB927D /* Build configuration list for PBXNativeTarget "SayHi MessagesExtension" */ = {
			isa = XCConfigurationList;
			buildConfigurations = (
				8F11FE1C228B027700AB927D /* Debug */,
				8F11FE1D228B027700AB927D /* Release */,
			);
			defaultConfigurationIsVisible = 0;
			defaultConfigurationName = Release;
		};
		8F11FE1F228B027700AB927D /* Build configuration list for PBXNativeTarget "SayHi" */ = {
			isa = XCConfigurationList;
			buildConfigurations = (
				8F11FE20228B027700AB927D /* Debug */,
				8F11FE21228B027700AB927D /* Release */,
			);
			defaultConfigurationIsVisible = 0;
			defaultConfigurationName = Release;
		};
/* End XCConfigurationList section */
	};
	rootObject = 8F11FDF9228B027500AB927D /* Project object */;
}
